<?xml version="1.0" encoding="UTF-8" standalone="yes" ?>
<CodeBlocks_project_file>
	<FileVersion major="1" minor="6" />
	<Project>
		<Option title="Minesweeper" />
		<Option pch_mode="2" />
		<Option compiler="gcc" />
		<Build>
			<Target title="default">
				<Option output="build/Minesweeper" prefix_auto="1" extension_auto="1" />
				<Option working_dir="build" />
				<Option object_output="output" />
				<Option type="0" />
				<Option compiler="gcc" />
				<Compiler>
					<Add option="-pedantic" />
					<Add option="-Wextra" />
					<Add option="-Wall" />
					<Add option="-std=c++14" />
					<Add directory="include" />
				</Compiler>
				<Linker>
					<Add option="-lloadpng" />
					<Add option="-lalleg44" />
				</Linker>
			</Target>
		</Build>
		<Unit filename="include/block.h" />
		<Unit filename="include/button.h" />
		<Unit filename="include/game.h" />
		<Unit filename="include/globals.h" />
		<Unit filename="include/init.h" />
		<Unit filename="include/intro.h" />
		<Unit filename="include/menu.h" />
		<Unit filename="include/mouseListener.h" />
		<Unit filename="include/state.h" />
		<Unit filename="include/tools.h" />
		<Unit filename="res/resources.rc">
			<Option compilerVar="WINDRES" />
		</Unit>
		<Unit filename="src/block.cpp" />
		<Unit filename="src/button.cpp" />
		<Unit filename="src/game.cpp" />
		<Unit filename="src/globals.cpp" />
		<Unit filename="src/init.cpp" />
		<Unit filename="src/intro.cpp" />
		<Unit filename="src/main.cpp" />
		<Unit filename="src/menu.cpp" />
		<Unit filename="src/mouseListener.cpp" />
		<Unit filename="src/state.cpp" />
		<Unit filename="src/tools.cpp" />
		<Extensions>
			<code_completion />
			<envvars />
			<debugger />
		</Extensions>
	</Project>
</CodeBlocks_project_file>
