<?xml version="1.0" encoding="UTF-8" standalone="yes" ?>
<CodeBlocks_project_file>
	<FileVersion major="1" minor="6" />
	<Project>
		<Option title="Minesweeper" />
		<Option pch_mode="2" />
		<Option compiler="gcc" />
		<Build>
			<Target title="debug">
				<Option output="build/Minesweeper Debug" prefix_auto="1" extension_auto="1" />
				<Option working_dir="build" />
				<Option object_output="output" />
				<Option type="1" />
				<Option compiler="gcc" />
				<Compiler>
					<Add option="-g" />
					<Add option="-DALLEGRO_STATICLINK" />
					<Add directory="include" />
				</Compiler>
				<Linker>
					<Add option="-static-libstdc++" />
					<Add option="-static-libgcc" />
					<Add option="-static" />
					<Add option="-lloadpng" />
					<Add option="-lpng" />
					<Add option="-lz" />
					<Add option="-llogg" />
					<Add option="-lvorbisfile" />
					<Add option="-lvorbis" />
					<Add option="-logg" />
					<Add option="-lalleg" />
					<Add option="-lkernel32" />
					<Add option="-luser32" />
					<Add option="-lgdi32" />
					<Add option="-lcomdlg32" />
					<Add option="-lole32" />
					<Add option="-ldinput" />
					<Add option="-lddraw" />
					<Add option="-ldxguid" />
					<Add option="-lwinmm" />
					<Add option="-ldsound" />
				</Linker>
			</Target>
			<Target title="debug-linux">
				<Option output="build/Minesweeper Debug" prefix_auto="1" extension_auto="1" />
				<Option working_dir="build" />
				<Option object_output="output" />
				<Option type="1" />
				<Option compiler="gcc" />
				<Compiler>
					<Add option="-g" />
					<Add directory="include" />
				</Compiler>
				<Linker>
					<Add option="-lloadpng" />
					<Add option="-lalleg" />
				</Linker>
			</Target>
			<Target title="release">
				<Option output="build/Minesweeper" prefix_auto="1" extension_auto="1" />
				<Option working_dir="build" />
				<Option object_output="output" />
				<Option type="0" />
				<Option compiler="gcc" />
				<Compiler>
					<Add option="-O3" />
					<Add option="-DALLEGRO_STATICLINK" />
					<Add directory="include" />
				</Compiler>
				<Linker>
					<Add option="-s" />
					<Add option="-static-libstdc++" />
					<Add option="-static-libgcc" />
					<Add option="-static" />
					<Add option="-lloadpng" />
					<Add option="-lpng" />
					<Add option="-lz" />
					<Add option="-llogg" />
					<Add option="-lvorbisfile" />
					<Add option="-lvorbis" />
					<Add option="-logg" />
					<Add option="-lalleg" />
					<Add option="-lkernel32" />
					<Add option="-luser32" />
					<Add option="-lgdi32" />
					<Add option="-lcomdlg32" />
					<Add option="-lole32" />
					<Add option="-ldinput" />
					<Add option="-lddraw" />
					<Add option="-ldxguid" />
					<Add option="-lwinmm" />
					<Add option="-ldsound" />
				</Linker>
			</Target>
			<Target title="release-linux">
				<Option output="build/Minesweeper" prefix_auto="1" extension_auto="1" />
				<Option working_dir="build" />
				<Option object_output="output" />
				<Option type="0" />
				<Option compiler="gcc" />
				<Compiler>
					<Add option="-O3" />
					<Add directory="include" />
				</Compiler>
				<Linker>
					<Add option="-s" />
					<Add option="-lloadpng" />
					<Add option="-lalleg" />
				</Linker>
			</Target>
		</Build>
		<Compiler>
			<Add option="-Wnon-virtual-dtor" />
			<Add option="-Winit-self" />
			<Add option="-Wredundant-decls" />
			<Add option="-Wcast-align" />
			<Add option="-Wundef" />
			<Add option="-Wfloat-equal" />
			<Add option="-Winline" />
			<Add option="-Wunreachable-code" />
			<Add option="-Wmissing-include-dirs" />
			<Add option="-Wswitch-enum" />
			<Add option="-Wswitch-default" />
			<Add option="-Weffc++" />
			<Add option="-Wzero-as-null-pointer-constant" />
			<Add option="-Wmain" />
			<Add option="-pedantic-errors" />
			<Add option="-pedantic" />
			<Add option="-Wextra" />
			<Add option="-Wall" />
			<Add option="-std=c++14" />
		</Compiler>
		<Unit filename="include/Cell.h" />
		<Unit filename="include/Game.h" />
		<Unit filename="include/Init.h" />
		<Unit filename="include/Intro.h" />
		<Unit filename="include/Menu.h" />
		<Unit filename="include/Minefield.h" />
		<Unit filename="include/State.h" />
		<Unit filename="include/globals.h" />
		<Unit filename="include/ui/Button.h" />
		<Unit filename="include/utility/MouseListener.h" />
		<Unit filename="include/utility/Timer.h" />
		<Unit filename="include/utility/tools.h" />
		<Unit filename="res/resources.rc">
			<Option compilerVar="WINDRES" />
		</Unit>
		<Unit filename="src/Cell.cpp" />
		<Unit filename="src/Game.cpp" />
		<Unit filename="src/Init.cpp" />
		<Unit filename="src/Intro.cpp" />
		<Unit filename="src/Menu.cpp" />
		<Unit filename="src/Minefield.cpp" />
		<Unit filename="src/State.cpp" />
		<Unit filename="src/globals.cpp" />
		<Unit filename="src/main.cpp" />
		<Unit filename="src/ui/Button.cpp" />
		<Unit filename="src/utility/MouseListener.cpp" />
		<Unit filename="src/utility/Timer.cpp" />
		<Unit filename="src/utility/tools.cpp" />
		<Extensions>
			<code_completion />
			<envvars />
			<debugger />
		</Extensions>
	</Project>
</CodeBlocks_project_file>
